
Microsoft Visual Studio Solution File, Format Version 12.00
# Visual Studio Version 16
VisualStudioVersion = 16.0.30907.101
MinimumVisualStudioVersion = 10.0.40219.1
Project("{FAE04EC0-301F-11D3-BF4B-00C04F79EFBC}") = "assignment5", "assignment5\assignment5.csproj", "{ACE86F61-071E-4439-B580-FD9ED8DFB916}"
EndProject
Global
	GlobalSection(SolutionConfigurationPlatforms) = preSolution
		Debug|Any CPU = Debug|Any CPU
		Release|Any CPU = Release|Any CPU
	EndGlobalSection
	GlobalSection(ProjectConfigurationPlatforms) = postSolution
		{ACE86F61-071E-4439-B580-FD9ED8DFB916}.Debug|Any CPU.ActiveCfg = Debug|Any CPU
		{ACE86F61-071E-4439-B580-FD9ED8DFB916}.Debug|Any CPU.Build.0 = Debug|Any CPU
		{ACE86F61-071E-4439-B580-FD9ED8DFB916}.Release|Any CPU.ActiveCfg = Release|Any CPU
		{ACE86F61-071E-4439-B580-FD9ED8DFB916}.Release|Any CPU.Build.0 = Release|Any CPU
	EndGlobalSection
	GlobalSection(SolutionProperties) = preSolution
		HideSolutionNode = FALSE
	EndGlobalSection
	GlobalSection(ExtensibilityGlobals) = postSolution
		SolutionGuid = {3B921855-38EF-43EA-95A2-516E884516F0}
	EndGlobalSection
EndGlobal
